
Microsoft Visual Studio Solution File, Format Version 12.00
# Visual Studio Version 17
VisualStudioVersion = 17.0.31903.59
MinimumVisualStudioVersion = 10.0.40219.1
Project("{2150E333-8FDC-42A3-9474-1A3956D46DE8}") = "src", "src", "{9F52BF8D-0C7B-4C58-89E6-60103C1F4A4D}"
EndProject
Project("{FAE04EC0-301F-11D3-BF4B-00C04F79EFBC}") = "Lambda.Demo.MinimalApi.LibSql", "src\Lambda.Demo.MinimalApi.LibSql\Lambda.Demo.MinimalApi.LibSql.csproj", "{C2046FBA-4EA4-48EB-AD3B-45FA9955CE91}"
EndProject
Project("{FAE04EC0-301F-11D3-BF4B-00C04F79EFBC}") = "Lambda.Demo.MinimalApi.DynamoDb", "src\Lambda.Demo.MinimalApi.DynamoDb\Lambda.Demo.MinimalApi.DynamoDb.csproj", "{00AF9B1C-73A9-4442-B5AC-2F76696501CE}"
EndProject
Global
	GlobalSection(SolutionConfigurationPlatforms) = preSolution
		Debug|Any CPU = Debug|Any CPU
		Release|Any CPU = Release|Any CPU
	EndGlobalSection
	GlobalSection(SolutionProperties) = preSolution
		HideSolutionNode = FALSE
	EndGlobalSection
	GlobalSection(NestedProjects) = preSolution
		{C2046FBA-4EA4-48EB-AD3B-45FA9955CE91} = {9F52BF8D-0C7B-4C58-89E6-60103C1F4A4D}
		{00AF9B1C-73A9-4442-B5AC-2F76696501CE} = {9F52BF8D-0C7B-4C58-89E6-60103C1F4A4D}
	EndGlobalSection
	GlobalSection(ProjectConfigurationPlatforms) = postSolution
		{C2046FBA-4EA4-48EB-AD3B-45FA9955CE91}.Debug|Any CPU.ActiveCfg = Debug|Any CPU
		{C2046FBA-4EA4-48EB-AD3B-45FA9955CE91}.Debug|Any CPU.Build.0 = Debug|Any CPU
		{C2046FBA-4EA4-48EB-AD3B-45FA9955CE91}.Release|Any CPU.ActiveCfg = Release|Any CPU
		{C2046FBA-4EA4-48EB-AD3B-45FA9955CE91}.Release|Any CPU.Build.0 = Release|Any CPU
		{00AF9B1C-73A9-4442-B5AC-2F76696501CE}.Debug|Any CPU.ActiveCfg = Debug|Any CPU
		{00AF9B1C-73A9-4442-B5AC-2F76696501CE}.Debug|Any CPU.Build.0 = Debug|Any CPU
		{00AF9B1C-73A9-4442-B5AC-2F76696501CE}.Release|Any CPU.ActiveCfg = Release|Any CPU
		{00AF9B1C-73A9-4442-B5AC-2F76696501CE}.Release|Any CPU.Build.0 = Release|Any CPU
	EndGlobalSection
EndGlobal
